
Microsoft Visual Studio Solution File, Format Version 12.00
# Visual Studio Version 16
VisualStudioVersion = 16.0.30225.117
MinimumVisualStudioVersion = 10.0.40219.1
Project("{9A19103F-16F7-4668-BE54-9A1E7A4F7556}") = "EmployeesApi", "EmployeesApi\EmployeesApi.csproj", "{A599567E-0E09-4612-8F1E-C518D2E82CF6}"
EndProject
Project("{FAE04EC0-301F-11D3-BF4B-00C04F79EFBC}") = "EmployeesApiIntegrationTests", "EmployeesApiIntegrationTests\EmployeesApiIntegrationTests.csproj", "{0B5C718D-FAD4-48DD-A5D6-FF07A958E235}"
EndProject
Global
	GlobalSection(SolutionConfigurationPlatforms) = preSolution
		Debug|Any CPU = Debug|Any CPU
		Release|Any CPU = Release|Any CPU
	EndGlobalSection
	GlobalSection(ProjectConfigurationPlatforms) = postSolution
		{A599567E-0E09-4612-8F1E-C518D2E82CF6}.Debug|Any CPU.ActiveCfg = Debug|Any CPU
		{A599567E-0E09-4612-8F1E-C518D2E82CF6}.Debug|Any CPU.Build.0 = Debug|Any CPU
		{A599567E-0E09-4612-8F1E-C518D2E82CF6}.Release|Any CPU.ActiveCfg = Release|Any CPU
		{A599567E-0E09-4612-8F1E-C518D2E82CF6}.Release|Any CPU.Build.0 = Release|Any CPU
		{0B5C718D-FAD4-48DD-A5D6-FF07A958E235}.Debug|Any CPU.ActiveCfg = Debug|Any CPU
		{0B5C718D-FAD4-48DD-A5D6-FF07A958E235}.Debug|Any CPU.Build.0 = Debug|Any CPU
		{0B5C718D-FAD4-48DD-A5D6-FF07A958E235}.Release|Any CPU.ActiveCfg = Release|Any CPU
		{0B5C718D-FAD4-48DD-A5D6-FF07A958E235}.Release|Any CPU.Build.0 = Release|Any CPU
	EndGlobalSection
	GlobalSection(SolutionProperties) = preSolution
		HideSolutionNode = FALSE
	EndGlobalSection
	GlobalSection(ExtensibilityGlobals) = postSolution
		SolutionGuid = {D5B2FC6A-B141-4B09-BF2D-53790EAAF1F7}
	EndGlobalSection
EndGlobal
